{
    "version": 3,
    "terraform_version": "0.11.13",
    "serial": 75,
    "lineage": "97beab9f-ec89-9d20-714f-2309a61f2220",
    "modules": [
        {
            "path": [
                "root"
            ],
            "outputs": {
                "ips_hosts": {
                    "sensitive": false,
                    "type": "list",
                    "value": [
                        "10.1.100.143 livenation-tf-1",
                        "10.1.100.67 livenation-tf-2",
                        "10.1.100.105 livenation-tf-3",
                        "10.1.100.16 livenation-tf-4",
                        "10.1.100.52 livenation-tf-5",
                        "10.1.100.197 livenation-tf-6"
                    ]
                },
                "public_instance_ip": {
                    "sensitive": false,
                    "type": "list",
                    "value": [
                        "13.52.179.245"
                    ]
                },
                "public_route_table_ids": {
                    "sensitive": false,
                    "type": "list",
                    "value": [
                        "rtb-0e99cfd7f01091daa"
                    ]
                },
                "public_subnets": {
                    "sensitive": false,
                    "type": "list",
                    "value": [
                        "subnet-00c4b8517b85db045"
                    ]
                },
                "vpc_id": {
                    "sensitive": false,
                    "type": "string",
                    "value": "vpc-0dbb00c87b43ff09e"
                }
            },
            "resources": {
                "aws_eip.nat_eip": {
                    "type": "aws_eip",
                    "depends_on": [],
                    "primary": {
                        "id": "eipalloc-0c9217082fd4be59d",
                        "attributes": {
                            "association_id": "eipassoc-a43e997e",
                            "domain": "vpc",
                            "id": "eipalloc-0c9217082fd4be59d",
                            "instance": "",
                            "network_interface": "eni-0a41b9674adc9f097",
                            "private_dns": "ip-10-1-0-166.us-west-1.compute.internal",
                            "private_ip": "10.1.0.166",
                            "public_dns": "ec2-13-56-6-79.us-west-1.compute.amazonaws.com",
                            "public_ip": "13.56.6.79",
                            "public_ipv4_pool": "amazon",
                            "tags.%": "3",
                            "tags.Environment": "Dev",
                            "tags.Name": "livenation-tf",
                            "tags.Terraform": "true",
                            "vpc": "true"
                        },
                        "meta": {
                            "e2bfb730-ecaa-11e6-8f88-34363bc7c4c0": {
                                "delete": 180000000000,
                                "read": 900000000000,
                                "update": 300000000000
                            }
                        },
                        "tainted": false
                    },
                    "deposed": [],
                    "provider": "provider.aws"
                },
                "aws_instance.bastion": {
                    "type": "aws_instance",
                    "depends_on": [
                        "aws_key_pair.ec2key",
                        "aws_security_group.sg_22",
                        "aws_subnet.subnet_public"
                    ],
                    "primary": {
                        "id": "i-0ccee0e920f146921",
                        "attributes": {
                            "ami": "ami-0019ef04ac50be30f",
                            "arn": "arn:aws:ec2:us-west-1:357576205424:instance/i-0ccee0e920f146921",
                            "associate_public_ip_address": "true",
                            "availability_zone": "us-west-1a",
                            "cpu_core_count": "1",
                            "cpu_threads_per_core": "1",
                            "credit_specification.#": "1",
                            "credit_specification.0.cpu_credits": "standard",
                            "disable_api_termination": "false",
                            "ebs_block_device.#": "0",
                            "ebs_optimized": "false",
                            "ephemeral_block_device.#": "0",
                            "get_password_data": "false",
                            "iam_instance_profile": "",
                            "id": "i-0ccee0e920f146921",
                            "instance_state": "running",
                            "instance_type": "t2.micro",
                            "ipv6_address_count": "0",
                            "ipv6_addresses.#": "0",
                            "key_name": "publicKey",
                            "monitoring": "false",
                            "network_interface.#": "0",
                            "password_data": "",
                            "placement_group": "",
                            "primary_network_interface_id": "eni-0e272eaa1e831d4a5",
                            "private_dns": "ip-10-1-0-75.us-west-1.compute.internal",
                            "private_ip": "10.1.0.75",
                            "public_dns": "ec2-13-52-179-245.us-west-1.compute.amazonaws.com",
                            "public_ip": "13.52.179.245",
                            "root_block_device.#": "1",
                            "root_block_device.0.delete_on_termination": "true",
                            "root_block_device.0.iops": "100",
                            "root_block_device.0.volume_id": "vol-047098f491e04a2be",
                            "root_block_device.0.volume_size": "8",
                            "root_block_device.0.volume_type": "gp2",
                            "security_groups.#": "0",
                            "source_dest_check": "true",
                            "subnet_id": "subnet-00c4b8517b85db045",
                            "tags.%": "3",
                            "tags.Environment": "Dev",
                            "tags.Name": "livenation-tf",
                            "tags.Terraform": "true",
                            "tenancy": "default",
                            "volume_tags.%": "2",
                            "volume_tags.Owner": "carlos.diaz@datastax.com",
                            "volume_tags.PrincipalId": "AIDAIEHWNHYLLZQY6OX4C",
                            "vpc_security_group_ids.#": "1",
                            "vpc_security_group_ids.3771587154": "sg-09f8c6f4c8e0a314d"
                        },
                        "meta": {
                            "e2bfb730-ecaa-11e6-8f88-34363bc7c4c0": {
                                "create": 600000000000,
                                "delete": 1200000000000,
                                "update": 600000000000
                            },
                            "schema_version": "1"
                        },
                        "tainted": false
                    },
                    "deposed": [],
                    "provider": "provider.aws"
                },
                "aws_internet_gateway.igw": {
                    "type": "aws_internet_gateway",
                    "depends_on": [
                        "aws_vpc.vpc"
                    ],
                    "primary": {
                        "id": "igw-0be7b6e28225176a2",
                        "attributes": {
                            "id": "igw-0be7b6e28225176a2",
                            "owner_id": "357576205424",
                            "tags.%": "3",
                            "tags.Environment": "Dev",
                            "tags.Name": "livenation-tf",
                            "tags.Terraform": "true",
                            "vpc_id": "vpc-0dbb00c87b43ff09e"
                        },
                        "meta": {},
                        "tainted": false
                    },
                    "deposed": [],
                    "provider": "provider.aws"
                },
                "aws_key_pair.ec2key": {
                    "type": "aws_key_pair",
                    "depends_on": [],
                    "primary": {
                        "id": "publicKey",
                        "attributes": {
                            "fingerprint": "f4:28:08:0e:fe:56:01:3b:71:2d:17:a1:1a:85:54:52",
                            "id": "publicKey",
                            "key_name": "publicKey",
                            "public_key": "ssh-rsa AAAAB3NzaC1yc2EAAAADAQABAAABAQDMu0LuOBqBKgdq3X2s6Ra66axc+3eBaiQaj1xmQ3GBP65WN07pfG10U9eYm5VL+lp/0AgdQIjWVlSHiCsmmGLAmd+UnnCZlwnhfoWG+yZVvC9BY788az6CuqlXRH3URu9si3WWGcYSWipYGDdTdZYR2RX3dIMrd1bhtfxFbdrXg5iL5fp/hUvAlzylU81j/KxP3Tsfg5C5XHegzYFb/GCQePsSYyyDVA7GHw6RjaIx+siya8iHHg21ZpfBvKTeP41RukkvyJbhIwWxk5PxLcMgapOXHUWtR66+S54TICERRGNHXvQTtZ3pxSV5rhd7zcUjuBnMQX6AOpplMa/Z6vvT cdiaz@x1c6"
                        },
                        "meta": {
                            "schema_version": "1"
                        },
                        "tainted": false
                    },
                    "deposed": [],
                    "provider": "provider.aws"
                },
                "aws_nat_gateway.nat_gw": {
                    "type": "aws_nat_gateway",
                    "depends_on": [
                        "aws_eip.nat_eip",
                        "aws_subnet.subnet_public"
                    ],
                    "primary": {
                        "id": "nat-0da7949efaff1a0a6",
                        "attributes": {
                            "allocation_id": "eipalloc-0c9217082fd4be59d",
                            "id": "nat-0da7949efaff1a0a6",
                            "network_interface_id": "eni-0a41b9674adc9f097",
                            "private_ip": "10.1.0.166",
                            "public_ip": "13.56.6.79",
                            "subnet_id": "subnet-00c4b8517b85db045",
                            "tags.%": "3",
                            "tags.Environment": "Dev",
                            "tags.Name": "livenation-tf",
                            "tags.Terraform": "true"
                        },
                        "meta": {},
                        "tainted": false
                    },
                    "deposed": [],
                    "provider": "provider.aws"
                },
                "aws_route_table.rtb_private": {
                    "type": "aws_route_table",
                    "depends_on": [
                        "aws_nat_gateway.nat_gw",
                        "aws_vpc.vpc"
                    ],
                    "primary": {
                        "id": "rtb-07520848eb20dc062",
                        "attributes": {
                            "id": "rtb-07520848eb20dc062",
                            "owner_id": "357576205424",
                            "propagating_vgws.#": "0",
                            "route.#": "1",
                            "route.1974673441.cidr_block": "0.0.0.0/0",
                            "route.1974673441.egress_only_gateway_id": "",
                            "route.1974673441.gateway_id": "",
                            "route.1974673441.instance_id": "",
                            "route.1974673441.ipv6_cidr_block": "",
                            "route.1974673441.nat_gateway_id": "nat-0da7949efaff1a0a6",
                            "route.1974673441.network_interface_id": "",
                            "route.1974673441.transit_gateway_id": "",
                            "route.1974673441.vpc_peering_connection_id": "",
                            "tags.%": "3",
                            "tags.Environment": "Dev",
                            "tags.Name": "livenation-tf",
                            "tags.Terraform": "true",
                            "vpc_id": "vpc-0dbb00c87b43ff09e"
                        },
                        "meta": {},
                        "tainted": false
                    },
                    "deposed": [],
                    "provider": "provider.aws"
                },
                "aws_route_table.rtb_public": {
                    "type": "aws_route_table",
                    "depends_on": [
                        "aws_internet_gateway.igw",
                        "aws_vpc.vpc"
                    ],
                    "primary": {
                        "id": "rtb-0e99cfd7f01091daa",
                        "attributes": {
                            "id": "rtb-0e99cfd7f01091daa",
                            "owner_id": "357576205424",
                            "propagating_vgws.#": "0",
                            "route.#": "1",
                            "route.164271013.cidr_block": "0.0.0.0/0",
                            "route.164271013.egress_only_gateway_id": "",
                            "route.164271013.gateway_id": "igw-0be7b6e28225176a2",
                            "route.164271013.instance_id": "",
                            "route.164271013.ipv6_cidr_block": "",
                            "route.164271013.nat_gateway_id": "",
                            "route.164271013.network_interface_id": "",
                            "route.164271013.transit_gateway_id": "",
                            "route.164271013.vpc_peering_connection_id": "",
                            "tags.%": "3",
                            "tags.Environment": "Dev",
                            "tags.Name": "livenation-tf",
                            "tags.Terraform": "true",
                            "vpc_id": "vpc-0dbb00c87b43ff09e"
                        },
                        "meta": {},
                        "tainted": false
                    },
                    "deposed": [],
                    "provider": "provider.aws"
                },
                "aws_route_table_association.rta_subnet_private": {
                    "type": "aws_route_table_association",
                    "depends_on": [
                        "aws_route_table.rtb_private",
                        "aws_subnet.subnet_private"
                    ],
                    "primary": {
                        "id": "rtbassoc-0c91a3dba0706a81e",
                        "attributes": {
                            "id": "rtbassoc-0c91a3dba0706a81e",
                            "route_table_id": "rtb-07520848eb20dc062",
                            "subnet_id": "subnet-006f506030c1e8140"
                        },
                        "meta": {},
                        "tainted": false
                    },
                    "deposed": [],
                    "provider": "provider.aws"
                },
                "aws_route_table_association.rta_subnet_public": {
                    "type": "aws_route_table_association",
                    "depends_on": [
                        "aws_route_table.rtb_public",
                        "aws_subnet.subnet_public"
                    ],
                    "primary": {
                        "id": "rtbassoc-0c2957d2c82021a3f",
                        "attributes": {
                            "id": "rtbassoc-0c2957d2c82021a3f",
                            "route_table_id": "rtb-0e99cfd7f01091daa",
                            "subnet_id": "subnet-00c4b8517b85db045"
                        },
                        "meta": {},
                        "tainted": false
                    },
                    "deposed": [],
                    "provider": "provider.aws"
                },
                "aws_security_group.sg_22": {
                    "type": "aws_security_group",
                    "depends_on": [
                        "aws_vpc.vpc"
                    ],
                    "primary": {
                        "id": "sg-09f8c6f4c8e0a314d",
                        "attributes": {
                            "arn": "arn:aws:ec2:us-west-1:357576205424:security-group/sg-09f8c6f4c8e0a314d",
                            "description": "Managed by Terraform",
                            "egress.#": "1",
                            "egress.482069346.cidr_blocks.#": "1",
                            "egress.482069346.cidr_blocks.0": "0.0.0.0/0",
                            "egress.482069346.description": "",
                            "egress.482069346.from_port": "0",
                            "egress.482069346.ipv6_cidr_blocks.#": "0",
                            "egress.482069346.prefix_list_ids.#": "0",
                            "egress.482069346.protocol": "-1",
                            "egress.482069346.security_groups.#": "0",
                            "egress.482069346.self": "false",
                            "egress.482069346.to_port": "0",
                            "id": "sg-09f8c6f4c8e0a314d",
                            "ingress.#": "1",
                            "ingress.2541437006.cidr_blocks.#": "1",
                            "ingress.2541437006.cidr_blocks.0": "0.0.0.0/0",
                            "ingress.2541437006.description": "",
                            "ingress.2541437006.from_port": "22",
                            "ingress.2541437006.ipv6_cidr_blocks.#": "0",
                            "ingress.2541437006.prefix_list_ids.#": "0",
                            "ingress.2541437006.protocol": "tcp",
                            "ingress.2541437006.security_groups.#": "0",
                            "ingress.2541437006.self": "false",
                            "ingress.2541437006.to_port": "22",
                            "name": "sg_22",
                            "owner_id": "357576205424",
                            "revoke_rules_on_delete": "false",
                            "tags.%": "3",
                            "tags.Environment": "Dev",
                            "tags.Name": "livenation-tf",
                            "tags.Terraform": "true",
                            "vpc_id": "vpc-0dbb00c87b43ff09e"
                        },
                        "meta": {
                            "e2bfb730-ecaa-11e6-8f88-34363bc7c4c0": {
                                "create": 600000000000,
                                "delete": 600000000000
                            },
                            "schema_version": "1"
                        },
                        "tainted": false
                    },
                    "deposed": [],
                    "provider": "provider.aws"
                },
                "aws_subnet.subnet_private": {
                    "type": "aws_subnet",
                    "depends_on": [
                        "aws_vpc.vpc"
                    ],
                    "primary": {
                        "id": "subnet-006f506030c1e8140",
                        "attributes": {
                            "arn": "arn:aws:ec2:us-west-1:357576205424:subnet/subnet-006f506030c1e8140",
                            "assign_ipv6_address_on_creation": "false",
                            "availability_zone": "us-west-1a",
                            "availability_zone_id": "usw1-az3",
                            "cidr_block": "10.1.100.0/24",
                            "id": "subnet-006f506030c1e8140",
                            "ipv6_cidr_block": "",
                            "ipv6_cidr_block_association_id": "",
                            "map_public_ip_on_launch": "false",
                            "owner_id": "357576205424",
                            "tags.%": "3",
                            "tags.Environment": "Dev",
                            "tags.Name": "livenation-tf",
                            "tags.Terraform": "true",
                            "vpc_id": "vpc-0dbb00c87b43ff09e"
                        },
                        "meta": {
                            "e2bfb730-ecaa-11e6-8f88-34363bc7c4c0": {
                                "create": 600000000000,
                                "delete": 600000000000
                            },
                            "schema_version": "1"
                        },
                        "tainted": false
                    },
                    "deposed": [],
                    "provider": "provider.aws"
                },
                "aws_subnet.subnet_public": {
                    "type": "aws_subnet",
                    "depends_on": [
                        "aws_vpc.vpc"
                    ],
                    "primary": {
                        "id": "subnet-00c4b8517b85db045",
                        "attributes": {
                            "arn": "arn:aws:ec2:us-west-1:357576205424:subnet/subnet-00c4b8517b85db045",
                            "assign_ipv6_address_on_creation": "false",
                            "availability_zone": "us-west-1a",
                            "availability_zone_id": "usw1-az3",
                            "cidr_block": "10.1.0.0/24",
                            "id": "subnet-00c4b8517b85db045",
                            "ipv6_cidr_block": "",
                            "ipv6_cidr_block_association_id": "",
                            "map_public_ip_on_launch": "true",
                            "owner_id": "357576205424",
                            "tags.%": "3",
                            "tags.Environment": "Dev",
                            "tags.Name": "livenation-tf",
                            "tags.Terraform": "true",
                            "vpc_id": "vpc-0dbb00c87b43ff09e"
                        },
                        "meta": {
                            "e2bfb730-ecaa-11e6-8f88-34363bc7c4c0": {
                                "create": 600000000000,
                                "delete": 600000000000
                            },
                            "schema_version": "1"
                        },
                        "tainted": false
                    },
                    "deposed": [],
                    "provider": "provider.aws"
                },
                "aws_vpc.vpc": {
                    "type": "aws_vpc",
                    "depends_on": [],
                    "primary": {
                        "id": "vpc-0dbb00c87b43ff09e",
                        "attributes": {
                            "arn": "arn:aws:ec2:us-west-1:357576205424:vpc/vpc-0dbb00c87b43ff09e",
                            "assign_generated_ipv6_cidr_block": "false",
                            "cidr_block": "10.1.0.0/16",
                            "default_network_acl_id": "acl-0d522685719ba1838",
                            "default_route_table_id": "rtb-03034edcec266a47b",
                            "default_security_group_id": "sg-0f1160e5a5d6c335f",
                            "dhcp_options_id": "dopt-54d71c31",
                            "enable_classiclink": "false",
                            "enable_classiclink_dns_support": "false",
                            "enable_dns_hostnames": "true",
                            "enable_dns_support": "true",
                            "id": "vpc-0dbb00c87b43ff09e",
                            "instance_tenancy": "default",
                            "ipv6_association_id": "",
                            "ipv6_cidr_block": "",
                            "main_route_table_id": "rtb-03034edcec266a47b",
                            "owner_id": "357576205424",
                            "tags.%": "3",
                            "tags.Environment": "Dev",
                            "tags.Name": "livenation-tf",
                            "tags.Terraform": "true"
                        },
                        "meta": {
                            "schema_version": "1"
                        },
                        "tainted": false
                    },
                    "deposed": [],
                    "provider": "provider.aws"
                },
                "null_resource.provision_cluster_nodes_hosts_file.0": {
                    "type": "null_resource",
                    "depends_on": [
                        "module.dse_cluster"
                    ],
                    "primary": {
                        "id": "1368001517258961157",
                        "attributes": {
                            "id": "1368001517258961157",
                            "triggers.%": "1",
                            "triggers.cluster_instance_ids": "i-05c50af2f9a33eb6c,i-00a7454fe0263ad44,i-03255acb9fa4c9862,i-07c10ea584f96b7dd,i-07f91632bf58590b2,i-0a9a7fcde9a86b40b"
                        },
                        "meta": {},
                        "tainted": false
                    },
                    "deposed": [],
                    "provider": "provider.null"
                },
                "null_resource.provision_cluster_nodes_hosts_file.1": {
                    "type": "null_resource",
                    "depends_on": [
                        "module.dse_cluster"
                    ],
                    "primary": {
                        "id": "1118074991438171553",
                        "attributes": {
                            "id": "1118074991438171553",
                            "triggers.%": "1",
                            "triggers.cluster_instance_ids": "i-05c50af2f9a33eb6c,i-00a7454fe0263ad44,i-03255acb9fa4c9862,i-07c10ea584f96b7dd,i-07f91632bf58590b2,i-0a9a7fcde9a86b40b"
                        },
                        "meta": {},
                        "tainted": false
                    },
                    "deposed": [],
                    "provider": "provider.null"
                },
                "null_resource.provision_cluster_nodes_hosts_file.2": {
                    "type": "null_resource",
                    "depends_on": [
                        "module.dse_cluster"
                    ],
                    "primary": {
                        "id": "1874511496585523524",
                        "attributes": {
                            "id": "1874511496585523524",
                            "triggers.%": "1",
                            "triggers.cluster_instance_ids": "i-05c50af2f9a33eb6c,i-00a7454fe0263ad44,i-03255acb9fa4c9862,i-07c10ea584f96b7dd,i-07f91632bf58590b2,i-0a9a7fcde9a86b40b"
                        },
                        "meta": {},
                        "tainted": false
                    },
                    "deposed": [],
                    "provider": "provider.null"
                },
                "null_resource.provision_cluster_nodes_hosts_file.3": {
                    "type": "null_resource",
                    "depends_on": [
                        "module.dse_cluster"
                    ],
                    "primary": {
                        "id": "176396993210925219",
                        "attributes": {
                            "id": "176396993210925219",
                            "triggers.%": "1",
                            "triggers.cluster_instance_ids": "i-05c50af2f9a33eb6c,i-00a7454fe0263ad44,i-03255acb9fa4c9862,i-07c10ea584f96b7dd,i-07f91632bf58590b2,i-0a9a7fcde9a86b40b"
                        },
                        "meta": {},
                        "tainted": false
                    },
                    "deposed": [],
                    "provider": "provider.null"
                },
                "null_resource.provision_cluster_nodes_hosts_file.4": {
                    "type": "null_resource",
                    "depends_on": [
                        "module.dse_cluster"
                    ],
                    "primary": {
                        "id": "2027649389181964888",
                        "attributes": {
                            "id": "2027649389181964888",
                            "triggers.%": "1",
                            "triggers.cluster_instance_ids": "i-05c50af2f9a33eb6c,i-00a7454fe0263ad44,i-03255acb9fa4c9862,i-07c10ea584f96b7dd,i-07f91632bf58590b2,i-0a9a7fcde9a86b40b"
                        },
                        "meta": {},
                        "tainted": false
                    },
                    "deposed": [],
                    "provider": "provider.null"
                },
                "null_resource.provision_cluster_nodes_hosts_file.5": {
                    "type": "null_resource",
                    "depends_on": [
                        "module.dse_cluster"
                    ],
                    "primary": {
                        "id": "1772288584905716881",
                        "attributes": {
                            "id": "1772288584905716881",
                            "triggers.%": "1",
                            "triggers.cluster_instance_ids": "i-05c50af2f9a33eb6c,i-00a7454fe0263ad44,i-03255acb9fa4c9862,i-07c10ea584f96b7dd,i-07f91632bf58590b2,i-0a9a7fcde9a86b40b"
                        },
                        "meta": {},
                        "tainted": false
                    },
                    "deposed": [],
                    "provider": "provider.null"
                }
            },
            "depends_on": []
        },
        {
            "path": [
                "root",
                "dse_cluster"
            ],
            "outputs": {
                "availability_zone": {
                    "sensitive": false,
                    "type": "list",
                    "value": [
                        "us-west-1a",
                        "us-west-1a",
                        "us-west-1a",
                        "us-west-1a",
                        "us-west-1a",
                        "us-west-1a"
                    ]
                },
                "credit_specification": {
                    "sensitive": false,
                    "type": "list",
                    "value": [
                        [
                            {
                                "cpu_credits": "standard"
                            }
                        ],
                        [
                            {
                                "cpu_credits": "standard"
                            }
                        ],
                        [
                            {
                                "cpu_credits": "standard"
                            }
                        ],
                        [
                            {
                                "cpu_credits": "standard"
                            }
                        ],
                        [
                            {
                                "cpu_credits": "standard"
                            }
                        ],
                        [
                            {
                                "cpu_credits": "standard"
                            }
                        ]
                    ]
                },
                "id": {
                    "sensitive": false,
                    "type": "list",
                    "value": [
                        "i-05c50af2f9a33eb6c",
                        "i-00a7454fe0263ad44",
                        "i-03255acb9fa4c9862",
                        "i-07c10ea584f96b7dd",
                        "i-07f91632bf58590b2",
                        "i-0a9a7fcde9a86b40b"
                    ]
                },
                "instance_names": {
                    "sensitive": false,
                    "type": "list",
                    "value": [
                        "livenation-tf-1",
                        "livenation-tf-2",
                        "livenation-tf-3",
                        "livenation-tf-4",
                        "livenation-tf-5",
                        "livenation-tf-6"
                    ]
                },
                "key_name": {
                    "sensitive": false,
                    "type": "list",
                    "value": [
                        "publicKey",
                        "publicKey",
                        "publicKey",
                        "publicKey",
                        "publicKey",
                        "publicKey"
                    ]
                },
                "primary_network_interface_id": {
                    "sensitive": false,
                    "type": "list",
                    "value": [
                        "eni-0fdf8ae3f7aa68421",
                        "eni-0e16a06cd26549cfa",
                        "eni-02c84bc4c5c334d15",
                        "eni-00e3fb7ec9273c261",
                        "eni-0d717670d9f0118e5",
                        "eni-0335831a05aa3685c"
                    ]
                },
                "private_dns": {
                    "sensitive": false,
                    "type": "list",
                    "value": [
                        "ip-10-1-100-143.us-west-1.compute.internal",
                        "ip-10-1-100-67.us-west-1.compute.internal",
                        "ip-10-1-100-105.us-west-1.compute.internal",
                        "ip-10-1-100-16.us-west-1.compute.internal",
                        "ip-10-1-100-52.us-west-1.compute.internal",
                        "ip-10-1-100-197.us-west-1.compute.internal"
                    ]
                },
                "private_ip": {
                    "sensitive": false,
                    "type": "list",
                    "value": [
                        "10.1.100.143",
                        "10.1.100.67",
                        "10.1.100.105",
                        "10.1.100.16",
                        "10.1.100.52",
                        "10.1.100.197"
                    ]
                },
                "public_dns": {
                    "sensitive": false,
                    "type": "list",
                    "value": []
                },
                "public_ip": {
                    "sensitive": false,
                    "type": "list",
                    "value": []
                },
                "security_groups": {
                    "sensitive": false,
                    "type": "list",
                    "value": []
                },
                "subnet_id": {
                    "sensitive": false,
                    "type": "list",
                    "value": [
                        "subnet-006f506030c1e8140",
                        "subnet-006f506030c1e8140",
                        "subnet-006f506030c1e8140",
                        "subnet-006f506030c1e8140",
                        "subnet-006f506030c1e8140",
                        "subnet-006f506030c1e8140"
                    ]
                },
                "tags": {
                    "sensitive": false,
                    "type": "list",
                    "value": [
                        {
                            "Name": "livenation-tf-1",
                            "Terraform": "1"
                        },
                        {
                            "Name": "livenation-tf-2",
                            "Terraform": "1"
                        },
                        {
                            "Name": "livenation-tf-3",
                            "Terraform": "1"
                        },
                        {
                            "Name": "livenation-tf-4",
                            "Terraform": "1"
                        },
                        {
                            "Name": "livenation-tf-5",
                            "Terraform": "1"
                        },
                        {
                            "Name": "livenation-tf-6",
                            "Terraform": "1"
                        }
                    ]
                },
                "vpc_security_group_ids": {
                    "sensitive": false,
                    "type": "list",
                    "value": [
                        "sg-09f8c6f4c8e0a314d",
                        "sg-09f8c6f4c8e0a314d",
                        "sg-09f8c6f4c8e0a314d",
                        "sg-09f8c6f4c8e0a314d",
                        "sg-09f8c6f4c8e0a314d",
                        "sg-09f8c6f4c8e0a314d"
                    ]
                }
            },
            "resources": {
                "aws_instance.this_t2.0": {
                    "type": "aws_instance",
                    "depends_on": [
                        "local.is_t_instance_type"
                    ],
                    "primary": {
                        "id": "i-05c50af2f9a33eb6c",
                        "attributes": {
                            "ami": "ami-00967fa9b13b97a7c",
                            "arn": "arn:aws:ec2:us-west-1:357576205424:instance/i-05c50af2f9a33eb6c",
                            "associate_public_ip_address": "false",
                            "availability_zone": "us-west-1a",
                            "cpu_core_count": "1",
                            "cpu_threads_per_core": "1",
                            "credit_specification.#": "1",
                            "credit_specification.0.cpu_credits": "standard",
                            "disable_api_termination": "false",
                            "ebs_block_device.#": "0",
                            "ebs_optimized": "false",
                            "ephemeral_block_device.#": "0",
                            "get_password_data": "false",
                            "iam_instance_profile": "",
                            "id": "i-05c50af2f9a33eb6c",
                            "instance_state": "running",
                            "instance_type": "t2.micro",
                            "ipv6_address_count": "0",
                            "ipv6_addresses.#": "0",
                            "key_name": "publicKey",
                            "monitoring": "false",
                            "network_interface.#": "0",
                            "password_data": "",
                            "placement_group": "",
                            "primary_network_interface_id": "eni-0fdf8ae3f7aa68421",
                            "private_dns": "ip-10-1-100-143.us-west-1.compute.internal",
                            "private_ip": "10.1.100.143",
                            "public_dns": "",
                            "public_ip": "",
                            "root_block_device.#": "1",
                            "root_block_device.0.delete_on_termination": "true",
                            "root_block_device.0.iops": "100",
                            "root_block_device.0.volume_id": "vol-0404cae6668e0c1fa",
                            "root_block_device.0.volume_size": "8",
                            "root_block_device.0.volume_type": "gp2",
                            "security_groups.#": "0",
                            "source_dest_check": "true",
                            "subnet_id": "subnet-006f506030c1e8140",
                            "tags.%": "2",
                            "tags.Name": "livenation-tf-1",
                            "tags.Terraform": "true",
                            "tenancy": "default",
                            "volume_tags.%": "0",
                            "vpc_security_group_ids.#": "1",
                            "vpc_security_group_ids.3771587154": "sg-09f8c6f4c8e0a314d"
                        },
                        "meta": {
                            "e2bfb730-ecaa-11e6-8f88-34363bc7c4c0": {
                                "create": 600000000000,
                                "delete": 1200000000000,
                                "update": 600000000000
                            },
                            "schema_version": "1"
                        },
                        "tainted": false
                    },
                    "deposed": [],
                    "provider": "provider.aws"
                },
                "aws_instance.this_t2.1": {
                    "type": "aws_instance",
                    "depends_on": [
                        "local.is_t_instance_type"
                    ],
                    "primary": {
                        "id": "i-00a7454fe0263ad44",
                        "attributes": {
                            "ami": "ami-00967fa9b13b97a7c",
                            "arn": "arn:aws:ec2:us-west-1:357576205424:instance/i-00a7454fe0263ad44",
                            "associate_public_ip_address": "false",
                            "availability_zone": "us-west-1a",
                            "cpu_core_count": "1",
                            "cpu_threads_per_core": "1",
                            "credit_specification.#": "1",
                            "credit_specification.0.cpu_credits": "standard",
                            "disable_api_termination": "false",
                            "ebs_block_device.#": "0",
                            "ebs_optimized": "false",
                            "ephemeral_block_device.#": "0",
                            "get_password_data": "false",
                            "iam_instance_profile": "",
                            "id": "i-00a7454fe0263ad44",
                            "instance_state": "running",
                            "instance_type": "t2.micro",
                            "ipv6_address_count": "0",
                            "ipv6_addresses.#": "0",
                            "key_name": "publicKey",
                            "monitoring": "false",
                            "network_interface.#": "0",
                            "password_data": "",
                            "placement_group": "",
                            "primary_network_interface_id": "eni-0e16a06cd26549cfa",
                            "private_dns": "ip-10-1-100-67.us-west-1.compute.internal",
                            "private_ip": "10.1.100.67",
                            "public_dns": "",
                            "public_ip": "",
                            "root_block_device.#": "1",
                            "root_block_device.0.delete_on_termination": "true",
                            "root_block_device.0.iops": "100",
                            "root_block_device.0.volume_id": "vol-0945040f17f8cb63e",
                            "root_block_device.0.volume_size": "8",
                            "root_block_device.0.volume_type": "gp2",
                            "security_groups.#": "0",
                            "source_dest_check": "true",
                            "subnet_id": "subnet-006f506030c1e8140",
                            "tags.%": "2",
                            "tags.Name": "livenation-tf-2",
                            "tags.Terraform": "true",
                            "tenancy": "default",
                            "volume_tags.%": "0",
                            "vpc_security_group_ids.#": "1",
                            "vpc_security_group_ids.3771587154": "sg-09f8c6f4c8e0a314d"
                        },
                        "meta": {
                            "e2bfb730-ecaa-11e6-8f88-34363bc7c4c0": {
                                "create": 600000000000,
                                "delete": 1200000000000,
                                "update": 600000000000
                            },
                            "schema_version": "1"
                        },
                        "tainted": false
                    },
                    "deposed": [],
                    "provider": "provider.aws"
                },
                "aws_instance.this_t2.2": {
                    "type": "aws_instance",
                    "depends_on": [
                        "local.is_t_instance_type"
                    ],
                    "primary": {
                        "id": "i-03255acb9fa4c9862",
                        "attributes": {
                            "ami": "ami-00967fa9b13b97a7c",
                            "arn": "arn:aws:ec2:us-west-1:357576205424:instance/i-03255acb9fa4c9862",
                            "associate_public_ip_address": "false",
                            "availability_zone": "us-west-1a",
                            "cpu_core_count": "1",
                            "cpu_threads_per_core": "1",
                            "credit_specification.#": "1",
                            "credit_specification.0.cpu_credits": "standard",
                            "disable_api_termination": "false",
                            "ebs_block_device.#": "0",
                            "ebs_optimized": "false",
                            "ephemeral_block_device.#": "0",
                            "get_password_data": "false",
                            "iam_instance_profile": "",
                            "id": "i-03255acb9fa4c9862",
                            "instance_state": "running",
                            "instance_type": "t2.micro",
                            "ipv6_address_count": "0",
                            "ipv6_addresses.#": "0",
                            "key_name": "publicKey",
                            "monitoring": "false",
                            "network_interface.#": "0",
                            "password_data": "",
                            "placement_group": "",
                            "primary_network_interface_id": "eni-02c84bc4c5c334d15",
                            "private_dns": "ip-10-1-100-105.us-west-1.compute.internal",
                            "private_ip": "10.1.100.105",
                            "public_dns": "",
                            "public_ip": "",
                            "root_block_device.#": "1",
                            "root_block_device.0.delete_on_termination": "true",
                            "root_block_device.0.iops": "100",
                            "root_block_device.0.volume_id": "vol-08195361a286f1342",
                            "root_block_device.0.volume_size": "8",
                            "root_block_device.0.volume_type": "gp2",
                            "security_groups.#": "0",
                            "source_dest_check": "true",
                            "subnet_id": "subnet-006f506030c1e8140",
                            "tags.%": "2",
                            "tags.Name": "livenation-tf-3",
                            "tags.Terraform": "true",
                            "tenancy": "default",
                            "volume_tags.%": "0",
                            "vpc_security_group_ids.#": "1",
                            "vpc_security_group_ids.3771587154": "sg-09f8c6f4c8e0a314d"
                        },
                        "meta": {
                            "e2bfb730-ecaa-11e6-8f88-34363bc7c4c0": {
                                "create": 600000000000,
                                "delete": 1200000000000,
                                "update": 600000000000
                            },
                            "schema_version": "1"
                        },
                        "tainted": false
                    },
                    "deposed": [],
                    "provider": "provider.aws"
                },
                "aws_instance.this_t2.3": {
                    "type": "aws_instance",
                    "depends_on": [
                        "local.is_t_instance_type"
                    ],
                    "primary": {
                        "id": "i-07c10ea584f96b7dd",
                        "attributes": {
                            "ami": "ami-00967fa9b13b97a7c",
                            "arn": "arn:aws:ec2:us-west-1:357576205424:instance/i-07c10ea584f96b7dd",
                            "associate_public_ip_address": "false",
                            "availability_zone": "us-west-1a",
                            "cpu_core_count": "1",
                            "cpu_threads_per_core": "1",
                            "credit_specification.#": "1",
                            "credit_specification.0.cpu_credits": "standard",
                            "disable_api_termination": "false",
                            "ebs_block_device.#": "0",
                            "ebs_optimized": "false",
                            "ephemeral_block_device.#": "0",
                            "get_password_data": "false",
                            "iam_instance_profile": "",
                            "id": "i-07c10ea584f96b7dd",
                            "instance_state": "running",
                            "instance_type": "t2.micro",
                            "ipv6_address_count": "0",
                            "ipv6_addresses.#": "0",
                            "key_name": "publicKey",
                            "monitoring": "false",
                            "network_interface.#": "0",
                            "password_data": "",
                            "placement_group": "",
                            "primary_network_interface_id": "eni-00e3fb7ec9273c261",
                            "private_dns": "ip-10-1-100-16.us-west-1.compute.internal",
                            "private_ip": "10.1.100.16",
                            "public_dns": "",
                            "public_ip": "",
                            "root_block_device.#": "1",
                            "root_block_device.0.delete_on_termination": "true",
                            "root_block_device.0.iops": "100",
                            "root_block_device.0.volume_id": "vol-00e044fb25ce54271",
                            "root_block_device.0.volume_size": "8",
                            "root_block_device.0.volume_type": "gp2",
                            "security_groups.#": "0",
                            "source_dest_check": "true",
                            "subnet_id": "subnet-006f506030c1e8140",
                            "tags.%": "2",
                            "tags.Name": "livenation-tf-4",
                            "tags.Terraform": "true",
                            "tenancy": "default",
                            "volume_tags.%": "0",
                            "vpc_security_group_ids.#": "1",
                            "vpc_security_group_ids.3771587154": "sg-09f8c6f4c8e0a314d"
                        },
                        "meta": {
                            "e2bfb730-ecaa-11e6-8f88-34363bc7c4c0": {
                                "create": 600000000000,
                                "delete": 1200000000000,
                                "update": 600000000000
                            },
                            "schema_version": "1"
                        },
                        "tainted": false
                    },
                    "deposed": [],
                    "provider": "provider.aws"
                },
                "aws_instance.this_t2.4": {
                    "type": "aws_instance",
                    "depends_on": [
                        "local.is_t_instance_type"
                    ],
                    "primary": {
                        "id": "i-07f91632bf58590b2",
                        "attributes": {
                            "ami": "ami-00967fa9b13b97a7c",
                            "arn": "arn:aws:ec2:us-west-1:357576205424:instance/i-07f91632bf58590b2",
                            "associate_public_ip_address": "false",
                            "availability_zone": "us-west-1a",
                            "cpu_core_count": "1",
                            "cpu_threads_per_core": "1",
                            "credit_specification.#": "1",
                            "credit_specification.0.cpu_credits": "standard",
                            "disable_api_termination": "false",
                            "ebs_block_device.#": "0",
                            "ebs_optimized": "false",
                            "ephemeral_block_device.#": "0",
                            "get_password_data": "false",
                            "iam_instance_profile": "",
                            "id": "i-07f91632bf58590b2",
                            "instance_state": "running",
                            "instance_type": "t2.micro",
                            "ipv6_address_count": "0",
                            "ipv6_addresses.#": "0",
                            "key_name": "publicKey",
                            "monitoring": "false",
                            "network_interface.#": "0",
                            "password_data": "",
                            "placement_group": "",
                            "primary_network_interface_id": "eni-0d717670d9f0118e5",
                            "private_dns": "ip-10-1-100-52.us-west-1.compute.internal",
                            "private_ip": "10.1.100.52",
                            "public_dns": "",
                            "public_ip": "",
                            "root_block_device.#": "1",
                            "root_block_device.0.delete_on_termination": "true",
                            "root_block_device.0.iops": "100",
                            "root_block_device.0.volume_id": "vol-02779c7dfe4a2b546",
                            "root_block_device.0.volume_size": "8",
                            "root_block_device.0.volume_type": "gp2",
                            "security_groups.#": "0",
                            "source_dest_check": "true",
                            "subnet_id": "subnet-006f506030c1e8140",
                            "tags.%": "2",
                            "tags.Name": "livenation-tf-5",
                            "tags.Terraform": "true",
                            "tenancy": "default",
                            "volume_tags.%": "0",
                            "vpc_security_group_ids.#": "1",
                            "vpc_security_group_ids.3771587154": "sg-09f8c6f4c8e0a314d"
                        },
                        "meta": {
                            "e2bfb730-ecaa-11e6-8f88-34363bc7c4c0": {
                                "create": 600000000000,
                                "delete": 1200000000000,
                                "update": 600000000000
                            },
                            "schema_version": "1"
                        },
                        "tainted": false
                    },
                    "deposed": [],
                    "provider": "provider.aws"
                },
                "aws_instance.this_t2.5": {
                    "type": "aws_instance",
                    "depends_on": [
                        "local.is_t_instance_type"
                    ],
                    "primary": {
                        "id": "i-0a9a7fcde9a86b40b",
                        "attributes": {
                            "ami": "ami-00967fa9b13b97a7c",
                            "arn": "arn:aws:ec2:us-west-1:357576205424:instance/i-0a9a7fcde9a86b40b",
                            "associate_public_ip_address": "false",
                            "availability_zone": "us-west-1a",
                            "cpu_core_count": "1",
                            "cpu_threads_per_core": "1",
                            "credit_specification.#": "1",
                            "credit_specification.0.cpu_credits": "standard",
                            "disable_api_termination": "false",
                            "ebs_block_device.#": "0",
                            "ebs_optimized": "false",
                            "ephemeral_block_device.#": "0",
                            "get_password_data": "false",
                            "iam_instance_profile": "",
                            "id": "i-0a9a7fcde9a86b40b",
                            "instance_state": "running",
                            "instance_type": "t2.micro",
                            "ipv6_address_count": "0",
                            "ipv6_addresses.#": "0",
                            "key_name": "publicKey",
                            "monitoring": "false",
                            "network_interface.#": "0",
                            "password_data": "",
                            "placement_group": "",
                            "primary_network_interface_id": "eni-0335831a05aa3685c",
                            "private_dns": "ip-10-1-100-197.us-west-1.compute.internal",
                            "private_ip": "10.1.100.197",
                            "public_dns": "",
                            "public_ip": "",
                            "root_block_device.#": "1",
                            "root_block_device.0.delete_on_termination": "true",
                            "root_block_device.0.iops": "100",
                            "root_block_device.0.volume_id": "vol-00bcf1f84161bc98a",
                            "root_block_device.0.volume_size": "8",
                            "root_block_device.0.volume_type": "gp2",
                            "security_groups.#": "0",
                            "source_dest_check": "true",
                            "subnet_id": "subnet-006f506030c1e8140",
                            "tags.%": "2",
                            "tags.Name": "livenation-tf-6",
                            "tags.Terraform": "true",
                            "tenancy": "default",
                            "volume_tags.%": "0",
                            "vpc_security_group_ids.#": "1",
                            "vpc_security_group_ids.3771587154": "sg-09f8c6f4c8e0a314d"
                        },
                        "meta": {
                            "e2bfb730-ecaa-11e6-8f88-34363bc7c4c0": {
                                "create": 600000000000,
                                "delete": 1200000000000,
                                "update": 600000000000
                            },
                            "schema_version": "1"
                        },
                        "tainted": false
                    },
                    "deposed": [],
                    "provider": "provider.aws"
                }
            },
            "depends_on": []
        }
    ]
}
